
Microsoft Visual Studio Solution File, Format Version 12.00
# Visual Studio Version 17
VisualStudioVersion = 17.3.32922.545
MinimumVisualStudioVersion = 10.0.40219.1
Project("{FAE04EC0-301F-11D3-BF4B-00C04F79EFBC}") = "ThreeDShape", "ThreeDShape.csproj", "{08870257-2B12-4C7D-8A73-7F746CF0B31C}"
EndProject
Global
	GlobalSection(SolutionConfigurationPlatforms) = preSolution
		Debug|Any CPU = Debug|Any CPU
		Release|Any CPU = Release|Any CPU
	EndGlobalSection
	GlobalSection(ProjectConfigurationPlatforms) = postSolution
		{08870257-2B12-4C7D-8A73-7F746CF0B31C}.Debug|Any CPU.ActiveCfg = Debug|Any CPU
		{08870257-2B12-4C7D-8A73-7F746CF0B31C}.Debug|Any CPU.Build.0 = Debug|Any CPU
		{08870257-2B12-4C7D-8A73-7F746CF0B31C}.Release|Any CPU.ActiveCfg = Release|Any CPU
		{08870257-2B12-4C7D-8A73-7F746CF0B31C}.Release|Any CPU.Build.0 = Release|Any CPU
	EndGlobalSection
	GlobalSection(SolutionProperties) = preSolution
		HideSolutionNode = FALSE
	EndGlobalSection
	GlobalSection(ExtensibilityGlobals) = postSolution
		SolutionGuid = {7CEE9857-076D-4583-8AE6-53B46E1017D9}
	EndGlobalSection
EndGlobal
